
Microsoft Visual Studio Solution File, Format Version 12.00
# Visual Studio Version 16
VisualStudioVersion = 16.0.30911.76
MinimumVisualStudioVersion = 10.0.40219.1
Project("{FAE04EC0-301F-11D3-BF4B-00C04F79EFBC}") = "SimpleWebAppWithNoAuth1", "SimpleWebAppWithNoAuth1\SimpleWebAppWithNoAuth1.csproj", "{0283E257-C1E9-408C-81C7-CDAF48689465}"
EndProject
Global
	GlobalSection(SolutionConfigurationPlatforms) = preSolution
		Debug|Any CPU = Debug|Any CPU
		Release|Any CPU = Release|Any CPU
	EndGlobalSection
	GlobalSection(ProjectConfigurationPlatforms) = postSolution
		{0283E257-C1E9-408C-81C7-CDAF48689465}.Debug|Any CPU.ActiveCfg = Debug|Any CPU
		{0283E257-C1E9-408C-81C7-CDAF48689465}.Debug|Any CPU.Build.0 = Debug|Any CPU
		{0283E257-C1E9-408C-81C7-CDAF48689465}.Release|Any CPU.ActiveCfg = Release|Any CPU
		{0283E257-C1E9-408C-81C7-CDAF48689465}.Release|Any CPU.Build.0 = Release|Any CPU
	EndGlobalSection
	GlobalSection(SolutionProperties) = preSolution
		HideSolutionNode = FALSE
	EndGlobalSection
	GlobalSection(ExtensibilityGlobals) = postSolution
		SolutionGuid = {3FC43E16-5AC3-4058-8978-56D16EAA6950}
	EndGlobalSection
EndGlobal
